// !$*UTF8*$!
{
	archiveVersion = 1;
	classes = {
	};
	objectVersion = 55;
	objects = {

/* Begin PBXBuildFile section */
		8A34D71E27872E6F00171066 /* AppDelegate.swift in Sources */ = {isa = PBXBuildFile; fileRef = 8A34D71D27872E6F00171066 /* AppDelegate.swift */; };
		8A34D72027872E6F00171066 /* SceneDelegate.swift in Sources */ = {isa = PBXBuildFile; fileRef = 8A34D71F27872E6F00171066 /* SceneDelegate.swift */; };
		8A34D72227872E6F00171066 /* ViewController.swift in Sources */ = {isa = PBXBuildFile; fileRef = 8A34D72127872E6F00171066 /* ViewController.swift */; };
		8A34D72527872E6F00171066 /* Main.storyboard in Resources */ = {isa = PBXBuildFile; fileRef = 8A34D72327872E6F00171066 /* Main.storyboard */; };
		8A34D72727872E7000171066 /* Assets.xcassets in Resources */ = {isa = PBXBuildFile; fileRef = 8A34D72627872E7000171066 /* Assets.xcassets */; };
		8A34D72A27872E7000171066 /* LaunchScreen.storyboard in Resources */ = {isa = PBXBuildFile; fileRef = 8A34D72827872E7000171066 /* LaunchScreen.storyboard */; };
		8A34D73527872E7000171066 /* PreWork1Tests.swift in Sources */ = {isa = PBXBuildFile; fileRef = 8A34D73427872E7000171066 /* PreWork1Tests.swift */; };
		8A34D73F27872E7000171066 /* PreWork1UITests.swift in Sources */ = {isa = PBXBuildFile; fileRef = 8A34D73E27872E7000171066 /* PreWork1UITests.swift */; };
		8A34D74127872E7000171066 /* PreWork1UITestsLaunchTests.swift in Sources */ = {isa = PBXBuildFile; fileRef = 8A34D74027872E7000171066 /* PreWork1UITestsLaunchTests.swift */; };
/* End PBXBuildFile section */

/* Begin PBXContainerItemProxy section */
		8A34D73127872E7000171066 /* PBXContainerItemProxy */ = {
			isa = PBXContainerItemProxy;
			containerPortal = 8A34D71227872E6F00171066 /* Project object */;
			proxyType = 1;
			remoteGlobalIDString = 8A34D71927872E6F00171066;
			remoteInfo = PreWork1;
		};
		8A34D73B27872E7000171066 /* PBXContainerItemProxy */ = {
			isa = PBXContainerItemProxy;
			containerPortal = 8A34D71227872E6F00171066 /* Project object */;
			proxyType = 1;
			remoteGlobalIDString = 8A34D71927872E6F00171066;
			remoteInfo = PreWork1;
		};
/* End PBXContainerItemProxy section */

/* Begin PBXFileReference section */
		8A34D71A27872E6F00171066 /* PreWork1.app */ = {isa = PBXFileReference; explicitFileType = wrapper.application; includeInIndex = 0; path = PreWork1.app; sourceTree = BUILT_PRODUCTS_DIR; };
		8A34D71D27872E6F00171066 /* AppDelegate.swift */ = {isa = PBXFileReference; lastKnownFileType = sourcecode.swift; path = AppDelegate.swift; sourceTree = "<group>"; };
		8A34D71F27872E6F00171066 /* SceneDelegate.swift */ = {isa = PBXFileReference; lastKnownFileType = sourcecode.swift; path = SceneDelegate.swift; sourceTree = "<group>"; };
		8A34D72127872E6F00171066 /* ViewController.swift */ = {isa = PBXFileReference; lastKnownFileType = sourcecode.swift; path = ViewController.swift; sourceTree = "<group>"; };
		8A34D72427872E6F00171066 /* Base */ = {isa = PBXFileReference; lastKnownFileType = file.storyboard; name = Base; path = Base.lproj/Main.storyboard; sourceTree = "<group>"; };
		8A34D72627872E7000171066 /* Assets.xcassets */ = {isa = PBXFileReference; lastKnownFileType = folder.assetcatalog; path = Assets.xcassets; sourceTree = "<group>"; };
		8A34D72927872E7000171066 /* Base */ = {isa = PBXFileReference; lastKnownFileType = file.storyboard; name = Base; path = Base.lproj/LaunchScreen.storyboard; sourceTree = "<group>"; };
		8A34D72B27872E7000171066 /* Info.plist */ = {isa = PBXFileReference; lastKnownFileType = text.plist.xml; path = Info.plist; sourceTree = "<group>"; };
		8A34D73027872E7000171066 /* PreWork1Tests.xctest */ = {isa = PBXFileReference; explicitFileType = wrapper.cfbundle; includeInIndex = 0; path = PreWork1Tests.xctest; sourceTree = BUILT_PRODUCTS_DIR; };
		8A34D73427872E7000171066 /* PreWork1Tests.swift */ = {isa = PBXFileReference; lastKnownFileType = sourcecode.swift; path = PreWork1Tests.swift; sourceTree = "<group>"; };
		8A34D73A27872E7000171066 /* PreWork1UITests.xctest */ = {isa = PBXFileReference; explicitFileType = wrapper.cfbundle; includeInIndex = 0; path = PreWork1UITests.xctest; sourceTree = BUILT_PRODUCTS_DIR; };
		8A34D73E27872E7000171066 /* PreWork1UITests.swift */ = {isa = PBXFileReference; lastKnownFileType = sourcecode.swift; path = PreWork1UITests.swift; sourceTree = "<group>"; };
		8A34D74027872E7000171066 /* PreWork1UITestsLaunchTests.swift */ = {isa = PBXFileReference; lastKnownFileType = sourcecode.swift; path = PreWork1UITestsLaunchTests.swift; sourceTree = "<group>"; };
/* End PBXFileReference section */

/* Begin PBXFrameworksBuildPhase section */
		8A34D71727872E6F00171066 /* Frameworks */ = {
			isa = PBXFrameworksBuildPhase;
			buildActionMask = 2147483647;
			files = (
			);
			runOnlyForDeploymentPostprocessing = 0;
		};
		8A34D72D27872E7000171066 /* Frameworks */ = {
			isa = PBXFrameworksBuildPhase;
			buildActionMask = 2147483647;
			files = (
			);
			runOnlyForDeploymentPostprocessing = 0;
		};
		8A34D73727872E7000171066 /* Frameworks */ = {
			isa = PBXFrameworksBuildPhase;
			buildActionMask = 2147483647;
			files = (
			);
			runOnlyForDeploymentPostprocessing = 0;
		};
/* End PBXFrameworksBuildPhase section */

/* Begin PBXGroup section */
		8A34D71127872E6F00171066 = {
			isa = PBXGroup;
			children = (
				8A34D71C27872E6F00171066 /* PreWork1 */,
				8A34D73327872E7000171066 /* PreWork1Tests */,
				8A34D73D27872E7000171066 /* PreWork1UITests */,
				8A34D71B27872E6F00171066 /* Products */,
			);
			sourceTree = "<group>";
		};
		8A34D71B27872E6F00171066 /* Products */ = {
			isa = PBXGroup;
			children = (
				8A34D71A27872E6F00171066 /* PreWork1.app */,
				8A34D73027872E7000171066 /* PreWork1Tests.xctest */,
				8A34D73A27872E7000171066 /* PreWork1UITests.xctest */,
			);
			name = Products;
			sourceTree = "<group>";
		};
		8A34D71C27872E6F00171066 /* PreWork1 */ = {
			isa = PBXGroup;
			children = (
				8A34D71D27872E6F00171066 /* AppDelegate.swift */,
				8A34D71F27872E6F00171066 /* SceneDelegate.swift */,
				8A34D72127872E6F00171066 /* ViewController.swift */,
				8A34D72327872E6F00171066 /* Main.storyboard */,
				8A34D72627872E7000171066 /* Assets.xcassets */,
				8A34D72827872E7000171066 /* LaunchScreen.storyboard */,
				8A34D72B27872E7000171066 /* Info.plist */,
			);
			path = PreWork1;
			sourceTree = "<group>";
		};
		8A34D73327872E7000171066 /* PreWork1Tests */ = {
			isa = PBXGroup;
			children = (
				8A34D73427872E7000171066 /* PreWork1Tests.swift */,
			);
			path = PreWork1Tests;
			sourceTree = "<group>";
		};
		8A34D73D27872E7000171066 /* PreWork1UITests */ = {
			isa = PBXGroup;
			children = (
				8A34D73E27872E7000171066 /* PreWork1UITests.swift */,
				8A34D74027872E7000171066 /* PreWork1UITestsLaunchTests.swift */,
			);
			path = PreWork1UITests;
			sourceTree = "<group>";
		};
/* End PBXGroup section */

/* Begin PBXNativeTarget section */
		8A34D71927872E6F00171066 /* PreWork1 */ = {
			isa = PBXNativeTarget;
			buildConfigurationList = 8A34D74427872E7000171066 /* Build configuration list for PBXNativeTarget "PreWork1" */;
			buildPhases = (
				8A34D71627872E6F00171066 /* Sources */,
				8A34D71727872E6F00171066 /* Frameworks */,
				8A34D71827872E6F00171066 /* Resources */,
			);
			buildRules = (
			);
			dependencies = (
			);
			name = PreWork1;
			productName = PreWork1;
			productReference = 8A34D71A27872E6F00171066 /* PreWork1.app */;
			productType = "com.apple.product-type.application";
		};
		8A34D72F27872E7000171066 /* PreWork1Tests */ = {
			isa = PBXNativeTarget;
			buildConfigurationList = 8A34D74727872E7000171066 /* Build configuration list for PBXNativeTarget "PreWork1Tests" */;
			buildPhases = (
				8A34D72C27872E7000171066 /* Sources */,
				8A34D72D27872E7000171066 /* Frameworks */,
				8A34D72E27872E7000171066 /* Resources */,
			);
			buildRules = (
			);
			dependencies = (
				8A34D73227872E7000171066 /* PBXTargetDependency */,
			);
			name = PreWork1Tests;
			productName = PreWork1Tests;
			productReference = 8A34D73027872E7000171066 /* PreWork1Tests.xctest */;
			productType = "com.apple.product-type.bundle.unit-test";
		};
		8A34D73927872E7000171066 /* PreWork1UITests */ = {
			isa = PBXNativeTarget;
			buildConfigurationList = 8A34D74A27872E7000171066 /* Build configuration list for PBXNativeTarget "PreWork1UITests" */;
			buildPhases = (
				8A34D73627872E7000171066 /* Sources */,
				8A34D73727872E7000171066 /* Frameworks */,
				8A34D73827872E7000171066 /* Resources */,
			);
			buildRules = (
			);
			dependencies = (
				8A34D73C27872E7000171066 /* PBXTargetDependency */,
			);
			name = PreWork1UITests;
			productName = PreWork1UITests;
			productReference = 8A34D73A27872E7000171066 /* PreWork1UITests.xctest */;
			productType = "com.apple.product-type.bundle.ui-testing";
		};
/* End PBXNativeTarget section */

/* Begin PBXProject section */
		8A34D71227872E6F00171066 /* Project object */ = {
			isa = PBXProject;
			attributes = {
				BuildIndependentTargetsInParallel = 1;
				LastSwiftUpdateCheck = 1320;
				LastUpgradeCheck = 1320;
				TargetAttributes = {
					8A34D71927872E6F00171066 = {
						CreatedOnToolsVersion = 13.2.1;
					};
					8A34D72F27872E7000171066 = {
						CreatedOnToolsVersion = 13.2.1;
						TestTargetID = 8A34D71927872E6F00171066;
					};
					8A34D73927872E7000171066 = {
						CreatedOnToolsVersion = 13.2.1;
						TestTargetID = 8A34D71927872E6F00171066;
					};
				};
			};
			buildConfigurationList = 8A34D71527872E6F00171066 /* Build configuration list for PBXProject "PreWork1" */;
			compatibilityVersion = "Xcode 13.0";
			developmentRegion = en;
			hasScannedForEncodings = 0;
			knownRegions = (
				en,
				Base,
			);
			mainGroup = 8A34D71127872E6F00171066;
			productRefGroup = 8A34D71B27872E6F00171066 /* Products */;
			projectDirPath = "";
			projectRoot = "";
			targets = (
				8A34D71927872E6F00171066 /* PreWork1 */,
				8A34D72F27872E7000171066 /* PreWork1Tests */,
				8A34D73927872E7000171066 /* PreWork1UITests */,
			);
		};
/* End PBXProject section */

/* Begin PBXResourcesBuildPhase section */
		8A34D71827872E6F00171066 /* Resources */ = {
			isa = PBXResourcesBuildPhase;
			buildActionMask = 2147483647;
			files = (
				8A34D72A27872E7000171066 /* LaunchScreen.storyboard in Resources */,
				8A34D72727872E7000171066 /* Assets.xcassets in Resources */,
				8A34D72527872E6F00171066 /* Main.storyboard in Resources */,
			);
			runOnlyForDeploymentPostprocessing = 0;
		};
		8A34D72E27872E7000171066 /* Resources */ = {
			isa = PBXResourcesBuildPhase;
			buildActionMask = 2147483647;
			files = (
			);
			runOnlyForDeploymentPostprocessing = 0;
		};
		8A34D73827872E7000171066 /* Resources */ = {
			isa = PBXResourcesBuildPhase;
			buildActionMask = 2147483647;
			files = (
			);
			runOnlyForDeploymentPostprocessing = 0;
		};
/* End PBXResourcesBuildPhase section */

/* Begin PBXSourcesBuildPhase section */
		8A34D71627872E6F00171066 /* Sources */ = {
			isa = PBXSourcesBuildPhase;
			buildActionMask = 2147483647;
			files = (
				8A34D72227872E6F00171066 /* ViewController.swift in Sources */,
				8A34D71E27872E6F00171066 /* AppDelegate.swift in Sources */,
				8A34D72027872E6F00171066 /* SceneDelegate.swift in Sources */,
			);
			runOnlyForDeploymentPostprocessing = 0;
		};
		8A34D72C27872E7000171066 /* Sources */ = {
			isa = PBXSourcesBuildPhase;
			buildActionMask = 2147483647;
			files = (
				8A34D73527872E7000171066 /* PreWork1Tests.swift in Sources */,
			);
			runOnlyForDeploymentPostprocessing = 0;
		};
		8A34D73627872E7000171066 /* Sources */ = {
			isa = PBXSourcesBuildPhase;
			buildActionMask = 2147483647;
			files = (
				8A34D74127872E7000171066 /* PreWork1UITestsLaunchTests.swift in Sources */,
				8A34D73F27872E7000171066 /* PreWork1UITests.swift in Sources */,
			);
			runOnlyForDeploymentPostprocessing = 0;
		};
/* End PBXSourcesBuildPhase section */

/* Begin PBXTargetDependency section */
		8A34D73227872E7000171066 /* PBXTargetDependency */ = {
			isa = PBXTargetDependency;
			target = 8A34D71927872E6F00171066 /* PreWork1 */;
			targetProxy = 8A34D73127872E7000171066 /* PBXContainerItemProxy */;
		};
		8A34D73C27872E7000171066 /* PBXTargetDependency */ = {
			isa = PBXTargetDependency;
			target = 8A34D71927872E6F00171066 /* PreWork1 */;
			targetProxy = 8A34D73B27872E7000171066 /* PBXContainerItemProxy */;
		};
/* End PBXTargetDependency section */

/* Begin PBXVariantGroup section */
		8A34D72327872E6F00171066 /* Main.storyboard */ = {
			isa = PBXVariantGroup;
			children = (
				8A34D72427872E6F00171066 /* Base */,
			);
			name = Main.storyboard;
			sourceTree = "<group>";
		};
		8A34D72827872E7000171066 /* LaunchScreen.storyboard */ = {
			isa = PBXVariantGroup;
			children = (
				8A34D72927872E7000171066 /* Base */,
			);
			name = LaunchScreen.storyboard;
			sourceTree = "<group>";
		};
/* End PBXVariantGroup section */

/* Begin XCBuildConfiguration section */
		8A34D74227872E7000171066 /* Debug */ = {
			isa = XCBuildConfiguration;
			buildSettings = {
				ALWAYS_SEARCH_USER_PATHS = NO;
				CLANG_ANALYZER_NONNULL = YES;
				CLANG_ANALYZER_NUMBER_OBJECT_CONVERSION = YES_AGGRESSIVE;
				CLANG_CXX_LANGUAGE_STANDARD = "gnu++17";
				CLANG_CXX_LIBRARY = "libc++";
				CLANG_ENABLE_MODULES = YES;
				CLANG_ENABLE_OBJC_ARC = YES;
				CLANG_ENABLE_OBJC_WEAK = YES;
				CLANG_WARN_BLOCK_CAPTURE_AUTORELEASING = YES;
				CLANG_WARN_BOOL_CONVERSION = YES;
				CLANG_WARN_COMMA = YES;
				CLANG_WARN_CONSTANT_CONVERSION = YES;
				CLANG_WARN_DEPRECATED_OBJC_IMPLEMENTATIONS = YES;
				CLANG_WARN_DIRECT_OBJC_ISA_USAGE = YES_ERROR;
				CLANG_WARN_DOCUMENTATION_COMMENTS = YES;
				CLANG_WARN_EMPTY_BODY = YES;
				CLANG_WARN_ENUM_CONVERSION = YES;
				CLANG_WARN_INFINITE_RECURSION = YES;
				CLANG_WARN_INT_CONVERSION = YES;
				CLANG_WARN_NON_LITERAL_NULL_CONVERSION = YES;
				CLANG_WARN_OBJC_IMPLICIT_RETAIN_SELF = YES;
				CLANG_WARN_OBJC_LITERAL_CONVERSION = YES;
				CLANG_WARN_OBJC_ROOT_CLASS = YES_ERROR;
				CLANG_WARN_QUOTED_INCLUDE_IN_FRAMEWORK_HEADER = YES;
				CLANG_WARN_RANGE_LOOP_ANALYSIS = YES;
				CLANG_WARN_STRICT_PROTOTYPES = YES;
				CLANG_WARN_SUSPICIOUS_MOVE = YES;
				CLANG_WARN_UNGUARDED_AVAILABILITY = YES_AGGRESSIVE;
				CLANG_WARN_UNREACHABLE_CODE = YES;
				CLANG_WARN__DUPLICATE_METHOD_MATCH = YES;
				COPY_PHASE_STRIP = NO;
				DEBUG_INFORMATION_FORMAT = dwarf;
				ENABLE_STRICT_OBJC_MSGSEND = YES;
				ENABLE_TESTABILITY = YES;
				GCC_C_LANGUAGE_STANDARD = gnu11;
				GCC_DYNAMIC_NO_PIC = NO;
				GCC_NO_COMMON_BLOCKS = YES;
				GCC_OPTIMIZATION_LEVEL = 0;
				GCC_PREPROCESSOR_DEFINITIONS = (
					"DEBUG=1",
					"$(inherited)",
				);
				GCC_WARN_64_TO_32_BIT_CONVERSION = YES;
				GCC_WARN_ABOUT_RETURN_TYPE = YES_ERROR;
				GCC_WARN_UNDECLARED_SELECTOR = YES;
				GCC_WARN_UNINITIALIZED_AUTOS = YES_AGGRESSIVE;
				GCC_WARN_UNUSED_FUNCTION = YES;
				GCC_WARN_UNUSED_VARIABLE = YES;
				IPHONEOS_DEPLOYMENT_TARGET = 15.2;
				MTL_ENABLE_DEBUG_INFO = INCLUDE_SOURCE;
				MTL_FAST_MATH = YES;
				ONLY_ACTIVE_ARCH = YES;
				SDKROOT = iphoneos;
				SWIFT_ACTIVE_COMPILATION_CONDITIONS = DEBUG;
				SWIFT_OPTIMIZATION_LEVEL = "-Onone";
			};
			name = Debug;
		};
		8A34D74327872E7000171066 /* Release */ = {
			isa = XCBuildConfiguration;
			buildSettings = {
				ALWAYS_SEARCH_USER_PATHS = NO;
				CLANG_ANALYZER_NONNULL = YES;
				CLANG_ANALYZER_NUMBER_OBJECT_CONVERSION = YES_AGGRESSIVE;
				CLANG_CXX_LANGUAGE_STANDARD = "gnu++17";
				CLANG_CXX_LIBRARY = "libc++";
				CLANG_ENABLE_MODULES = YES;
				CLANG_ENABLE_OBJC_ARC = YES;
				CLANG_ENABLE_OBJC_WEAK = YES;
				CLANG_WARN_BLOCK_CAPTURE_AUTORELEASING = YES;
				CLANG_WARN_BOOL_CONVERSION = YES;
				CLANG_WARN_COMMA = YES;
				CLANG_WARN_CONSTANT_CONVERSION = YES;
				CLANG_WARN_DEPRECATED_OBJC_IMPLEMENTATIONS = YES;
				CLANG_WARN_DIRECT_OBJC_ISA_USAGE = YES_ERROR;
				CLANG_WARN_DOCUMENTATION_COMMENTS = YES;
				CLANG_WARN_EMPTY_BODY = YES;
				CLANG_WARN_ENUM_CONVERSION = YES;
				CLANG_WARN_INFINITE_RECURSION = YES;
				CLANG_WARN_INT_CONVERSION = YES;
				CLANG_WARN_NON_LITERAL_NULL_CONVERSION = YES;
				CLANG_WARN_OBJC_IMPLICIT_RETAIN_SELF = YES;
				CLANG_WARN_OBJC_LITERAL_CONVERSION = YES;
				CLANG_WARN_OBJC_ROOT_CLASS = YES_ERROR;
				CLANG_WARN_QUOTED_INCLUDE_IN_FRAMEWORK_HEADER = YES;
				CLANG_WARN_RANGE_LOOP_ANALYSIS = YES;
				CLANG_WARN_STRICT_PROTOTYPES = YES;
				CLANG_WARN_SUSPICIOUS_MOVE = YES;
				CLANG_WARN_UNGUARDED_AVAILABILITY = YES_AGGRESSIVE;
				CLANG_WARN_UNREACHABLE_CODE = YES;
				CLANG_WARN__DUPLICATE_METHOD_MATCH = YES;
				COPY_PHASE_STRIP = NO;
				DEBUG_INFORMATION_FORMAT = "dwarf-with-dsym";
				ENABLE_NS_ASSERTIONS = NO;
				ENABLE_STRICT_OBJC_MSGSEND = YES;
				GCC_C_LANGUAGE_STANDARD = gnu11;
				GCC_NO_COMMON_BLOCKS = YES;
				GCC_WARN_64_TO_32_BIT_CONVERSION = YES;
				GCC_WARN_ABOUT_RETURN_TYPE = YES_ERROR;
				GCC_WARN_UNDECLARED_SELECTOR = YES;
				GCC_WARN_UNINITIALIZED_AUTOS = YES_AGGRESSIVE;
				GCC_WARN_UNUSED_FUNCTION = YES;
				GCC_WARN_UNUSED_VARIABLE = YES;
				IPHONEOS_DEPLOYMENT_TARGET = 15.2;
				MTL_ENABLE_DEBUG_INFO = NO;
				MTL_FAST_MATH = YES;
				SDKROOT = iphoneos;
				SWIFT_COMPILATION_MODE = wholemodule;
				SWIFT_OPTIMIZATION_LEVEL = "-O";
				VALIDATE_PRODUCT = YES;
			};
			name = Release;
		};
		8A34D74527872E7000171066 /* Debug */ = {
			isa = XCBuildConfiguration;
			buildSettings = {
				ASSETCATALOG_COMPILER_APPICON_NAME = AppIcon;
				ASSETCATALOG_COMPILER_GLOBAL_ACCENT_COLOR_NAME = AccentColor;
				CODE_SIGN_STYLE = Automatic;
				CURRENT_PROJECT_VERSION = 1;
				DEVELOPMENT_TEAM = FN6CK3Z9G3;
				GENERATE_INFOPLIST_FILE = YES;
				INFOPLIST_FILE = PreWork1/Info.plist;
				INFOPLIST_KEY_UIApplicationSupportsIndirectInputEvents = YES;
				INFOPLIST_KEY_UILaunchStoryboardName = LaunchScreen;
				INFOPLIST_KEY_UIMainStoryboardFile = Main;
				INFOPLIST_KEY_UISupportedInterfaceOrientations_iPad = "UIInterfaceOrientationPortrait UIInterfaceOrientationPortraitUpsideDown UIInterfaceOrientationLandscapeLeft UIInterfaceOrientationLandscapeRight";
				INFOPLIST_KEY_UISupportedInterfaceOrientations_iPhone = "UIInterfaceOrientationPortrait UIInterfaceOrientationLandscapeLeft UIInterfaceOrientationLandscapeRight";
				LD_RUNPATH_SEARCH_PATHS = (
					"$(inherited)",
					"@executable_path/Frameworks",
				);
				MARKETING_VERSION = 1.0;
				PRODUCT_BUNDLE_IDENTIFIER = First.PreWork1;
				PRODUCT_NAME = "$(TARGET_NAME)";
				SWIFT_EMIT_LOC_STRINGS = YES;
				SWIFT_VERSION = 5.0;
				TARGETED_DEVICE_FAMILY = "1,2";
			};
			name = Debug;
		};
		8A34D74627872E7000171066 /* Release */ = {
			isa = XCBuildConfiguration;
			buildSettings = {
				ASSETCATALOG_COMPILER_APPICON_NAME = AppIcon;
				ASSETCATALOG_COMPILER_GLOBAL_ACCENT_COLOR_NAME = AccentColor;
				CODE_SIGN_STYLE = Automatic;
				CURRENT_PROJECT_VERSION = 1;
				DEVELOPMENT_TEAM = FN6CK3Z9G3;
				GENERATE_INFOPLIST_FILE = YES;
				INFOPLIST_FILE = PreWork1/Info.plist;
				INFOPLIST_KEY_UIApplicationSupportsIndirectInputEvents = YES;
				INFOPLIST_KEY_UILaunchStoryboardName = LaunchScreen;
				INFOPLIST_KEY_UIMainStoryboardFile = Main;
				INFOPLIST_KEY_UISupportedInterfaceOrientations_iPad = "UIInterfaceOrientationPortrait UIInterfaceOrientationPortraitUpsideDown UIInterfaceOrientationLandscapeLeft UIInterfaceOrientationLandscapeRight";
				INFOPLIST_KEY_UISupportedInterfaceOrientations_iPhone = "UIInterfaceOrientationPortrait UIInterfaceOrientationLandscapeLeft UIInterfaceOrientationLandscapeRight";
				LD_RUNPATH_SEARCH_PATHS = (
					"$(inherited)",
					"@executable_path/Frameworks",
				);
				MARKETING_VERSION = 1.0;
				PRODUCT_BUNDLE_IDENTIFIER = First.PreWork1;
				PRODUCT_NAME = "$(TARGET_NAME)";
				SWIFT_EMIT_LOC_STRINGS = YES;
				SWIFT_VERSION = 5.0;
				TARGETED_DEVICE_FAMILY = "1,2";
			};
			name = Release;
		};
		8A34D74827872E7000171066 /* Debug */ = {
			isa = XCBuildConfiguration;
			buildSettings = {
				ALWAYS_EMBED_SWIFT_STANDARD_LIBRARIES = YES;
				BUNDLE_LOADER = "$(TEST_HOST)";
				CODE_SIGN_STYLE = Automatic;
				CURRENT_PROJECT_VERSION = 1;
				DEVELOPMENT_TEAM = FN6CK3Z9G3;
				GENERATE_INFOPLIST_FILE = YES;
				IPHONEOS_DEPLOYMENT_TARGET = 15.2;
				MARKETING_VERSION = 1.0;
				PRODUCT_BUNDLE_IDENTIFIER = First.PreWork1Tests;
				PRODUCT_NAME = "$(TARGET_NAME)";
				SWIFT_EMIT_LOC_STRINGS = NO;
				SWIFT_VERSION = 5.0;
				TARGETED_DEVICE_FAMILY = "1,2";
				TEST_HOST = "$(BUILT_PRODUCTS_DIR)/PreWork1.app/PreWork1";
			};
			name = Debug;
		};
		8A34D74927872E7000171066 /* Release */ = {
			isa = XCBuildConfiguration;
			buildSettings = {
				ALWAYS_EMBED_SWIFT_STANDARD_LIBRARIES = YES;
				BUNDLE_LOADER = "$(TEST_HOST)";
				CODE_SIGN_STYLE = Automatic;
				CURRENT_PROJECT_VERSION = 1;
				DEVELOPMENT_TEAM = FN6CK3Z9G3;
				GENERATE_INFOPLIST_FILE = YES;
				IPHONEOS_DEPLOYMENT_TARGET = 15.2;
				MARKETING_VERSION = 1.0;
				PRODUCT_BUNDLE_IDENTIFIER = First.PreWork1Tests;
				PRODUCT_NAME = "$(TARGET_NAME)";
				SWIFT_EMIT_LOC_STRINGS = NO;
				SWIFT_VERSION = 5.0;
				TARGETED_DEVICE_FAMILY = "1,2";
				TEST_HOST = "$(BUILT_PRODUCTS_DIR)/PreWork1.app/PreWork1";
			};
			name = Release;
		};
		8A34D74B27872E7000171066 /* Debug */ = {
			isa = XCBuildConfiguration;
			buildSettings = {
				ALWAYS_EMBED_SWIFT_STANDARD_LIBRARIES = YES;
				CODE_SIGN_STYLE = Automatic;
				CURRENT_PROJECT_VERSION = 1;
				DEVELOPMENT_TEAM = FN6CK3Z9G3;
				GENERATE_INFOPLIST_FILE = YES;
				MARKETING_VERSION = 1.0;
				PRODUCT_BUNDLE_IDENTIFIER = First.PreWork1UITests;
				PRODUCT_NAME = "$(TARGET_NAME)";
				SWIFT_EMIT_LOC_STRINGS = NO;
				SWIFT_VERSION = 5.0;
				TARGETED_DEVICE_FAMILY = "1,2";
				TEST_TARGET_NAME = PreWork1;
			};
			name = Debug;
		};
		8A34D74C27872E7000171066 /* Release */ = {
			isa = XCBuildConfiguration;
			buildSettings = {
				ALWAYS_EMBED_SWIFT_STANDARD_LIBRARIES = YES;
				CODE_SIGN_STYLE = Automatic;
				CURRENT_PROJECT_VERSION = 1;
				DEVELOPMENT_TEAM = FN6CK3Z9G3;
				GENERATE_INFOPLIST_FILE = YES;
				MARKETING_VERSION = 1.0;
				PRODUCT_BUNDLE_IDENTIFIER = First.PreWork1UITests;
				PRODUCT_NAME = "$(TARGET_NAME)";
				SWIFT_EMIT_LOC_STRINGS = NO;
				SWIFT_VERSION = 5.0;
				TARGETED_DEVICE_FAMILY = "1,2";
				TEST_TARGET_NAME = PreWork1;
			};
			name = Release;
		};
/* End XCBuildConfiguration section */

/* Begin XCConfigurationList section */
		8A34D71527872E6F00171066 /* Build configuration list for PBXProject "PreWork1" */ = {
			isa = XCConfigurationList;
			buildConfigurations = (
				8A34D74227872E7000171066 /* Debug */,
				8A34D74327872E7000171066 /* Release */,
			);
			defaultConfigurationIsVisible = 0;
			defaultConfigurationName = Release;
		};
		8A34D74427872E7000171066 /* Build configuration list for PBXNativeTarget "PreWork1" */ = {
			isa = XCConfigurationList;
			buildConfigurations = (
				8A34D74527872E7000171066 /* Debug */,
				8A34D74627872E7000171066 /* Release */,
			);
			defaultConfigurationIsVisible = 0;
			defaultConfigurationName = Release;
		};
		8A34D74727872E7000171066 /* Build configuration list for PBXNativeTarget "PreWork1Tests" */ = {
			isa = XCConfigurationList;
			buildConfigurations = (
				8A34D74827872E7000171066 /* Debug */,
				8A34D74927872E7000171066 /* Release */,
			);
			defaultConfigurationIsVisible = 0;
			defaultConfigurationName = Release;
		};
		8A34D74A27872E7000171066 /* Build configuration list for PBXNativeTarget "PreWork1UITests" */ = {
			isa = XCConfigurationList;
			buildConfigurations = (
				8A34D74B27872E7000171066 /* Debug */,
				8A34D74C27872E7000171066 /* Release */,
			);
			defaultConfigurationIsVisible = 0;
			defaultConfigurationName = Release;
		};
/* End XCConfigurationList section */
	};
	rootObject = 8A34D71227872E6F00171066 /* Project object */;
}
